
Microsoft Visual Studio Solution File, Format Version 12.00
# Visual Studio 15
VisualStudioVersion = 15.0.27428.1
MinimumVisualStudioVersion = 10.0.40219.1
Project("{E24C65DC-7377-472B-9ABA-BC803B73C61A}") = "Web(4)", ".", "{174FAEC9-0111-4FE9-8CC2-E8877031E9D1}"
	ProjectSection(WebsiteProperties) = preProject
		TargetFrameworkMoniker = ".NETFramework,Version%3Dv4.5"
		Debug.AspNetCompiler.VirtualPath = "/localhost_59482"
		Debug.AspNetCompiler.PhysicalPath = "..\Web\"
		Debug.AspNetCompiler.TargetPath = "PrecompiledWeb\localhost_59482\"
		Debug.AspNetCompiler.Updateable = "true"
		Debug.AspNetCompiler.ForceOverwrite = "true"
		Debug.AspNetCompiler.FixedNames = "false"
		Debug.AspNetCompiler.Debug = "True"
		Release.AspNetCompiler.VirtualPath = "/localhost_59482"
		Release.AspNetCompiler.PhysicalPath = "..\Web\"
		Release.AspNetCompiler.TargetPath = "PrecompiledWeb\localhost_59482\"
		Release.AspNetCompiler.Updateable = "true"
		Release.AspNetCompiler.ForceOverwrite = "true"
		Release.AspNetCompiler.FixedNames = "false"
		Release.AspNetCompiler.Debug = "False"
		VWDPort = "59482"
		SlnRelativePath = "..\Web\"
	EndProjectSection
EndProject
Global
	GlobalSection(SolutionConfigurationPlatforms) = preSolution
		Debug|Any CPU = Debug|Any CPU
	EndGlobalSection
	GlobalSection(ProjectConfigurationPlatforms) = postSolution
		{174FAEC9-0111-4FE9-8CC2-E8877031E9D1}.Debug|Any CPU.ActiveCfg = Debug|Any CPU
		{174FAEC9-0111-4FE9-8CC2-E8877031E9D1}.Debug|Any CPU.Build.0 = Debug|Any CPU
	EndGlobalSection
	GlobalSection(SolutionProperties) = preSolution
		HideSolutionNode = FALSE
	EndGlobalSection
	GlobalSection(ExtensibilityGlobals) = postSolution
		SolutionGuid = {B7D84DB1-551D-4DF9-84BD-6F0D0DF7B379}
	EndGlobalSection
EndGlobal
